
Microsoft Visual Studio Solution File, Format Version 12.00
# Visual Studio 15
VisualStudioVersion = 15.0.27130.2024
MinimumVisualStudioVersion = 10.0.40219.1
Project("{A07B5EB6-E848-4116-A8D0-A826331D98C6}") = "CBA", "CBA\CBA.sfproj", "{24AA149A-8ECC-434A-8F3F-655D1A2B33B3}"
EndProject
Project("{FAE04EC0-301F-11D3-BF4B-00C04F79EFBC}") = "RestoreService", "RestoreService\RestoreService.csproj", "{39BB8062-DD86-4133-94FF-08CB85037AC9}"
EndProject
Global
	GlobalSection(SolutionConfigurationPlatforms) = preSolution
		Debug|x64 = Debug|x64
		Release|x64 = Release|x64
	EndGlobalSection
	GlobalSection(ProjectConfigurationPlatforms) = postSolution
		{24AA149A-8ECC-434A-8F3F-655D1A2B33B3}.Debug|x64.ActiveCfg = Debug|x64
		{24AA149A-8ECC-434A-8F3F-655D1A2B33B3}.Debug|x64.Build.0 = Debug|x64
		{24AA149A-8ECC-434A-8F3F-655D1A2B33B3}.Debug|x64.Deploy.0 = Debug|x64
		{24AA149A-8ECC-434A-8F3F-655D1A2B33B3}.Release|x64.ActiveCfg = Release|x64
		{24AA149A-8ECC-434A-8F3F-655D1A2B33B3}.Release|x64.Build.0 = Release|x64
		{24AA149A-8ECC-434A-8F3F-655D1A2B33B3}.Release|x64.Deploy.0 = Release|x64
		{39BB8062-DD86-4133-94FF-08CB85037AC9}.Debug|x64.ActiveCfg = Debug|x64
		{39BB8062-DD86-4133-94FF-08CB85037AC9}.Debug|x64.Build.0 = Debug|x64
		{39BB8062-DD86-4133-94FF-08CB85037AC9}.Release|x64.ActiveCfg = Release|x64
		{39BB8062-DD86-4133-94FF-08CB85037AC9}.Release|x64.Build.0 = Release|x64
	EndGlobalSection
	GlobalSection(SolutionProperties) = preSolution
		HideSolutionNode = FALSE
	EndGlobalSection
	GlobalSection(ExtensibilityGlobals) = postSolution
		SolutionGuid = {F1709418-D597-4AAD-BA9B-5CB8E0461F58}
	EndGlobalSection
EndGlobal
